
Microsoft Visual Studio Solution File, Format Version 12.00
# Visual Studio Version 17
VisualStudioVersion = 17.4.33213.308
MinimumVisualStudioVersion = 10.0.40219.1
Project("{FAE04EC0-301F-11D3-BF4B-00C04F79EFBC}") = "ConsoleAppWinService", "ConsoleAppWinService.csproj", "{CDA261EF-0878-48DE-AA50-439D04EFC9BC}"
EndProject
Global
	GlobalSection(SolutionConfigurationPlatforms) = preSolution
		Debug|Any CPU = Debug|Any CPU
		Release|Any CPU = Release|Any CPU
	EndGlobalSection
	GlobalSection(ProjectConfigurationPlatforms) = postSolution
		{CDA261EF-0878-48DE-AA50-439D04EFC9BC}.Debug|Any CPU.ActiveCfg = Debug|Any CPU
		{CDA261EF-0878-48DE-AA50-439D04EFC9BC}.Debug|Any CPU.Build.0 = Debug|Any CPU
		{CDA261EF-0878-48DE-AA50-439D04EFC9BC}.Release|Any CPU.ActiveCfg = Release|Any CPU
		{CDA261EF-0878-48DE-AA50-439D04EFC9BC}.Release|Any CPU.Build.0 = Release|Any CPU
	EndGlobalSection
	GlobalSection(SolutionProperties) = preSolution
		HideSolutionNode = FALSE
	EndGlobalSection
	GlobalSection(ExtensibilityGlobals) = postSolution
		SolutionGuid = {963B5D53-89C6-437F-80C8-F0F3548F56D3}
	EndGlobalSection
EndGlobal
